// !$*UTF8*$!
{
	archiveVersion = 1;
	classes = {
	};
	objectVersion = 48;
	objects = {

/* Begin PBXBuildFile section */
		B72411A21FA7A08E00BD7FA5 /* UIView+Utilities.swift in Sources */ = {isa = PBXBuildFile; fileRef = B72411A11FA7A08E00BD7FA5 /* UIView+Utilities.swift */; };
		B73863CF1FAB6BFB00846256 /* CompanyCell.swift in Sources */ = {isa = PBXBuildFile; fileRef = B73863CE1FAB6BFB00846256 /* CompanyCell.swift */; };
		B73DBEBF1FA13C490099AA2B /* CompanyModels.xcdatamodeld in Sources */ = {isa = PBXBuildFile; fileRef = B73DBEBC1FA13BE50099AA2B /* CompanyModels.xcdatamodeld */; };
		B73DBEC11FA241670099AA2B /* CoreDataManager.swift in Sources */ = {isa = PBXBuildFile; fileRef = B73DBEC01FA241670099AA2B /* CoreDataManager.swift */; };
		B77CEDC41FAE7399005C9EF3 /* CompaniesController+CreateCompany.swift in Sources */ = {isa = PBXBuildFile; fileRef = B77CEDC31FAE7399005C9EF3 /* CompaniesController+CreateCompany.swift */; };
		B77CEDC61FAE74BD005C9EF3 /* CompaniesController+UITableView.swift in Sources */ = {isa = PBXBuildFile; fileRef = B77CEDC51FAE74BD005C9EF3 /* CompaniesController+UITableView.swift */; };
		B798E2231F9C37FB002F96B1 /* AppDelegate.swift in Sources */ = {isa = PBXBuildFile; fileRef = B798E2221F9C37FB002F96B1 /* AppDelegate.swift */; };
		B798E2251F9C37FB002F96B1 /* CompaniesController.swift in Sources */ = {isa = PBXBuildFile; fileRef = B798E2241F9C37FB002F96B1 /* CompaniesController.swift */; };
		B798E2281F9C37FB002F96B1 /* Main.storyboard in Resources */ = {isa = PBXBuildFile; fileRef = B798E2261F9C37FB002F96B1 /* Main.storyboard */; };
		B798E22A1F9C37FB002F96B1 /* Assets.xcassets in Resources */ = {isa = PBXBuildFile; fileRef = B798E2291F9C37FB002F96B1 /* Assets.xcassets */; };
		B798E22D1F9C37FB002F96B1 /* LaunchScreen.storyboard in Resources */ = {isa = PBXBuildFile; fileRef = B798E22B1F9C37FB002F96B1 /* LaunchScreen.storyboard */; };
		B798E2371F9C50EF002F96B1 /* Extensions.swift in Sources */ = {isa = PBXBuildFile; fileRef = B798E2361F9C50EF002F96B1 /* Extensions.swift */; };
		B798E25C1F9F9221002F96B1 /* Company.swift in Sources */ = {isa = PBXBuildFile; fileRef = B798E25B1F9F9221002F96B1 /* Company.swift */; };
		B798E25E1F9F9D52002F96B1 /* CreateCompanyController.swift in Sources */ = {isa = PBXBuildFile; fileRef = B798E25D1F9F9D52002F96B1 /* CreateCompanyController.swift */; };
/* End PBXBuildFile section */

/* Begin PBXFileReference section */
		B72411A11FA7A08E00BD7FA5 /* UIView+Utilities.swift */ = {isa = PBXFileReference; lastKnownFileType = sourcecode.swift; path = "UIView+Utilities.swift"; sourceTree = "<group>"; };
		B73863CE1FAB6BFB00846256 /* CompanyCell.swift */ = {isa = PBXFileReference; lastKnownFileType = sourcecode.swift; path = CompanyCell.swift; sourceTree = "<group>"; };
		B73DBEBD1FA13BE50099AA2B /* CompanyModels.xcdatamodel */ = {isa = PBXFileReference; lastKnownFileType = wrapper.xcdatamodel; path = CompanyModels.xcdatamodel; sourceTree = "<group>"; };
		B73DBEC01FA241670099AA2B /* CoreDataManager.swift */ = {isa = PBXFileReference; lastKnownFileType = sourcecode.swift; path = CoreDataManager.swift; sourceTree = "<group>"; };
		B77CEDC31FAE7399005C9EF3 /* CompaniesController+CreateCompany.swift */ = {isa = PBXFileReference; lastKnownFileType = sourcecode.swift; path = "CompaniesController+CreateCompany.swift"; sourceTree = "<group>"; };
		B77CEDC51FAE74BD005C9EF3 /* CompaniesController+UITableView.swift */ = {isa = PBXFileReference; lastKnownFileType = sourcecode.swift; path = "CompaniesController+UITableView.swift"; sourceTree = "<group>"; };
		B798E21F1F9C37FB002F96B1 /* CompanyList.app */ = {isa = PBXFileReference; explicitFileType = wrapper.application; includeInIndex = 0; path = CompanyList.app; sourceTree = BUILT_PRODUCTS_DIR; };
		B798E2221F9C37FB002F96B1 /* AppDelegate.swift */ = {isa = PBXFileReference; lastKnownFileType = sourcecode.swift; path = AppDelegate.swift; sourceTree = "<group>"; };
		B798E2241F9C37FB002F96B1 /* CompaniesController.swift */ = {isa = PBXFileReference; lastKnownFileType = sourcecode.swift; path = CompaniesController.swift; sourceTree = "<group>"; };
		B798E2271F9C37FB002F96B1 /* Base */ = {isa = PBXFileReference; lastKnownFileType = file.storyboard; name = Base; path = Base.lproj/Main.storyboard; sourceTree = "<group>"; };
		B798E2291F9C37FB002F96B1 /* Assets.xcassets */ = {isa = PBXFileReference; lastKnownFileType = folder.assetcatalog; path = Assets.xcassets; sourceTree = "<group>"; };
		B798E22C1F9C37FB002F96B1 /* Base */ = {isa = PBXFileReference; lastKnownFileType = file.storyboard; name = Base; path = Base.lproj/LaunchScreen.storyboard; sourceTree = "<group>"; };
		B798E22E1F9C37FB002F96B1 /* Info.plist */ = {isa = PBXFileReference; lastKnownFileType = text.plist.xml; path = Info.plist; sourceTree = "<group>"; };
		B798E2361F9C50EF002F96B1 /* Extensions.swift */ = {isa = PBXFileReference; fileEncoding = 4; lastKnownFileType = sourcecode.swift; path = Extensions.swift; sourceTree = "<group>"; };
		B798E25B1F9F9221002F96B1 /* Company.swift */ = {isa = PBXFileReference; lastKnownFileType = sourcecode.swift; path = Company.swift; sourceTree = "<group>"; };
		B798E25D1F9F9D52002F96B1 /* CreateCompanyController.swift */ = {isa = PBXFileReference; lastKnownFileType = sourcecode.swift; path = CreateCompanyController.swift; sourceTree = "<group>"; };
/* End PBXFileReference section */

/* Begin PBXFrameworksBuildPhase section */
		B798E21C1F9C37FB002F96B1 /* Frameworks */ = {
			isa = PBXFrameworksBuildPhase;
			buildActionMask = 2147483647;
			files = (
			);
			runOnlyForDeploymentPostprocessing = 0;
		};
/* End PBXFrameworksBuildPhase section */

/* Begin PBXGroup section */
		B73863D01FAB6EA800846256 /* Companies */ = {
			isa = PBXGroup;
			children = (
				B798E2241F9C37FB002F96B1 /* CompaniesController.swift */,
				B73863CE1FAB6BFB00846256 /* CompanyCell.swift */,
				B77CEDC31FAE7399005C9EF3 /* CompaniesController+CreateCompany.swift */,
				B77CEDC51FAE74BD005C9EF3 /* CompaniesController+UITableView.swift */,
			);
			path = Companies;
			sourceTree = "<group>";
		};
		B73863D11FAB6EED00846256 /* Utilities */ = {
			isa = PBXGroup;
			children = (
				B73DBEC01FA241670099AA2B /* CoreDataManager.swift */,
				B798E2361F9C50EF002F96B1 /* Extensions.swift */,
				B72411A11FA7A08E00BD7FA5 /* UIView+Utilities.swift */,
			);
			path = Utilities;
			sourceTree = "<group>";
		};
		B798E2161F9C37FB002F96B1 = {
			isa = PBXGroup;
			children = (
				B798E2211F9C37FB002F96B1 /* CompanyList */,
				B798E2201F9C37FB002F96B1 /* Products */,
			);
			sourceTree = "<group>";
		};
		B798E2201F9C37FB002F96B1 /* Products */ = {
			isa = PBXGroup;
			children = (
				B798E21F1F9C37FB002F96B1 /* CompanyList.app */,
			);
			name = Products;
			sourceTree = "<group>";
		};
		B798E2211F9C37FB002F96B1 /* CompanyList */ = {
			isa = PBXGroup;
			children = (
				B73863D01FAB6EA800846256 /* Companies */,
				B73863D11FAB6EED00846256 /* Utilities */,
				B798E25D1F9F9D52002F96B1 /* CreateCompanyController.swift */,
				B798E25B1F9F9221002F96B1 /* Company.swift */,
				B73DBEBC1FA13BE50099AA2B /* CompanyModels.xcdatamodeld */,
				B798E2221F9C37FB002F96B1 /* AppDelegate.swift */,
				B798E2291F9C37FB002F96B1 /* Assets.xcassets */,
				B798E22B1F9C37FB002F96B1 /* LaunchScreen.storyboard */,
				B798E2261F9C37FB002F96B1 /* Main.storyboard */,
				B798E22E1F9C37FB002F96B1 /* Info.plist */,
			);
			path = CompanyList;
			sourceTree = "<group>";
		};
/* End PBXGroup section */

/* Begin PBXNativeTarget section */
		B798E21E1F9C37FB002F96B1 /* CompanyList */ = {
			isa = PBXNativeTarget;
			buildConfigurationList = B798E2311F9C37FB002F96B1 /* Build configuration list for PBXNativeTarget "CompanyList" */;
			buildPhases = (
				B798E21B1F9C37FB002F96B1 /* Sources */,
				B798E21C1F9C37FB002F96B1 /* Frameworks */,
				B798E21D1F9C37FB002F96B1 /* Resources */,
			);
			buildRules = (
			);
			dependencies = (
			);
			name = CompanyList;
			productName = CompanyList;
			productReference = B798E21F1F9C37FB002F96B1 /* CompanyList.app */;
			productType = "com.apple.product-type.application";
		};
/* End PBXNativeTarget section */

/* Begin PBXProject section */
		B798E2171F9C37FB002F96B1 /* Project object */ = {
			isa = PBXProject;
			attributes = {
				LastSwiftUpdateCheck = 0900;
				LastUpgradeCheck = 0900;
				ORGANIZATIONNAME = "Doug Harper";
				TargetAttributes = {
					B798E21E1F9C37FB002F96B1 = {
						CreatedOnToolsVersion = 9.0.1;
						ProvisioningStyle = Automatic;
					};
				};
			};
			buildConfigurationList = B798E21A1F9C37FB002F96B1 /* Build configuration list for PBXProject "CompanyList" */;
			compatibilityVersion = "Xcode 8.0";
			developmentRegion = en;
			hasScannedForEncodings = 0;
			knownRegions = (
				en,
				Base,
			);
			mainGroup = B798E2161F9C37FB002F96B1;
			productRefGroup = B798E2201F9C37FB002F96B1 /* Products */;
			projectDirPath = "";
			projectRoot = "";
			targets = (
				B798E21E1F9C37FB002F96B1 /* CompanyList */,
			);
		};
/* End PBXProject section */

/* Begin PBXResourcesBuildPhase section */
		B798E21D1F9C37FB002F96B1 /* Resources */ = {
			isa = PBXResourcesBuildPhase;
			buildActionMask = 2147483647;
			files = (
				B798E22D1F9C37FB002F96B1 /* LaunchScreen.storyboard in Resources */,
				B798E22A1F9C37FB002F96B1 /* Assets.xcassets in Resources */,
				B798E2281F9C37FB002F96B1 /* Main.storyboard in Resources */,
			);
			runOnlyForDeploymentPostprocessing = 0;
		};
/* End PBXResourcesBuildPhase section */

/* Begin PBXSourcesBuildPhase section */
		B798E21B1F9C37FB002F96B1 /* Sources */ = {
			isa = PBXSourcesBuildPhase;
			buildActionMask = 2147483647;
			files = (
				B798E2251F9C37FB002F96B1 /* CompaniesController.swift in Sources */,
				B77CEDC61FAE74BD005C9EF3 /* CompaniesController+UITableView.swift in Sources */,
				B72411A21FA7A08E00BD7FA5 /* UIView+Utilities.swift in Sources */,
				B73DBEBF1FA13C490099AA2B /* CompanyModels.xcdatamodeld in Sources */,
				B798E2231F9C37FB002F96B1 /* AppDelegate.swift in Sources */,
				B73863CF1FAB6BFB00846256 /* CompanyCell.swift in Sources */,
				B798E25E1F9F9D52002F96B1 /* CreateCompanyController.swift in Sources */,
				B798E2371F9C50EF002F96B1 /* Extensions.swift in Sources */,
				B73DBEC11FA241670099AA2B /* CoreDataManager.swift in Sources */,
				B798E25C1F9F9221002F96B1 /* Company.swift in Sources */,
				B77CEDC41FAE7399005C9EF3 /* CompaniesController+CreateCompany.swift in Sources */,
			);
			runOnlyForDeploymentPostprocessing = 0;
		};
/* End PBXSourcesBuildPhase section */

/* Begin PBXVariantGroup section */
		B798E2261F9C37FB002F96B1 /* Main.storyboard */ = {
			isa = PBXVariantGroup;
			children = (
				B798E2271F9C37FB002F96B1 /* Base */,
			);
			name = Main.storyboard;
			sourceTree = "<group>";
		};
		B798E22B1F9C37FB002F96B1 /* LaunchScreen.storyboard */ = {
			isa = PBXVariantGroup;
			children = (
				B798E22C1F9C37FB002F96B1 /* Base */,
			);
			name = LaunchScreen.storyboard;
			sourceTree = "<group>";
		};
/* End PBXVariantGroup section */

/* Begin XCBuildConfiguration section */
		B798E22F1F9C37FB002F96B1 /* Debug */ = {
			isa = XCBuildConfiguration;
			buildSettings = {
				ALWAYS_SEARCH_USER_PATHS = NO;
				CLANG_ANALYZER_NONNULL = YES;
				CLANG_ANALYZER_NUMBER_OBJECT_CONVERSION = YES_AGGRESSIVE;
				CLANG_CXX_LANGUAGE_STANDARD = "gnu++14";
				CLANG_CXX_LIBRARY = "libc++";
				CLANG_ENABLE_MODULES = YES;
				CLANG_ENABLE_OBJC_ARC = YES;
				CLANG_WARN_BLOCK_CAPTURE_AUTORELEASING = YES;
				CLANG_WARN_BOOL_CONVERSION = YES;
				CLANG_WARN_COMMA = YES;
				CLANG_WARN_CONSTANT_CONVERSION = YES;
				CLANG_WARN_DIRECT_OBJC_ISA_USAGE = YES_ERROR;
				CLANG_WARN_DOCUMENTATION_COMMENTS = YES;
				CLANG_WARN_EMPTY_BODY = YES;
				CLANG_WARN_ENUM_CONVERSION = YES;
				CLANG_WARN_INFINITE_RECURSION = YES;
				CLANG_WARN_INT_CONVERSION = YES;
				CLANG_WARN_NON_LITERAL_NULL_CONVERSION = YES;
				CLANG_WARN_OBJC_LITERAL_CONVERSION = YES;
				CLANG_WARN_OBJC_ROOT_CLASS = YES_ERROR;
				CLANG_WARN_RANGE_LOOP_ANALYSIS = YES;
				CLANG_WARN_STRICT_PROTOTYPES = YES;
				CLANG_WARN_SUSPICIOUS_MOVE = YES;
				CLANG_WARN_UNGUARDED_AVAILABILITY = YES_AGGRESSIVE;
				CLANG_WARN_UNREACHABLE_CODE = YES;
				CLANG_WARN__DUPLICATE_METHOD_MATCH = YES;
				CODE_SIGN_IDENTITY = "iPhone Developer";
				COPY_PHASE_STRIP = NO;
				DEBUG_INFORMATION_FORMAT = dwarf;
				ENABLE_STRICT_OBJC_MSGSEND = YES;
				ENABLE_TESTABILITY = YES;
				GCC_C_LANGUAGE_STANDARD = gnu11;
				GCC_DYNAMIC_NO_PIC = NO;
				GCC_NO_COMMON_BLOCKS = YES;
				GCC_OPTIMIZATION_LEVEL = 0;
				GCC_PREPROCESSOR_DEFINITIONS = (
					"DEBUG=1",
					"$(inherited)",
				);
				GCC_WARN_64_TO_32_BIT_CONVERSION = YES;
				GCC_WARN_ABOUT_RETURN_TYPE = YES_ERROR;
				GCC_WARN_UNDECLARED_SELECTOR = YES;
				GCC_WARN_UNINITIALIZED_AUTOS = YES_AGGRESSIVE;
				GCC_WARN_UNUSED_FUNCTION = YES;
				GCC_WARN_UNUSED_VARIABLE = YES;
				IPHONEOS_DEPLOYMENT_TARGET = 11.0;
				MTL_ENABLE_DEBUG_INFO = YES;
				ONLY_ACTIVE_ARCH = YES;
				SDKROOT = iphoneos;
				SWIFT_ACTIVE_COMPILATION_CONDITIONS = DEBUG;
				SWIFT_OPTIMIZATION_LEVEL = "-Onone";
			};
			name = Debug;
		};
		B798E2301F9C37FB002F96B1 /* Release */ = {
			isa = XCBuildConfiguration;
			buildSettings = {
				ALWAYS_SEARCH_USER_PATHS = NO;
				CLANG_ANALYZER_NONNULL = YES;
				CLANG_ANALYZER_NUMBER_OBJECT_CONVERSION = YES_AGGRESSIVE;
				CLANG_CXX_LANGUAGE_STANDARD = "gnu++14";
				CLANG_CXX_LIBRARY = "libc++";
				CLANG_ENABLE_MODULES = YES;
				CLANG_ENABLE_OBJC_ARC = YES;
				CLANG_WARN_BLOCK_CAPTURE_AUTORELEASING = YES;
				CLANG_WARN_BOOL_CONVERSION = YES;
				CLANG_WARN_COMMA = YES;
				CLANG_WARN_CONSTANT_CONVERSION = YES;
				CLANG_WARN_DIRECT_OBJC_ISA_USAGE = YES_ERROR;
				CLANG_WARN_DOCUMENTATION_COMMENTS = YES;
				CLANG_WARN_EMPTY_BODY = YES;
				CLANG_WARN_ENUM_CONVERSION = YES;
				CLANG_WARN_INFINITE_RECURSION = YES;
				CLANG_WARN_INT_CONVERSION = YES;
				CLANG_WARN_NON_LITERAL_NULL_CONVERSION = YES;
				CLANG_WARN_OBJC_LITERAL_CONVERSION = YES;
				CLANG_WARN_OBJC_ROOT_CLASS = YES_ERROR;
				CLANG_WARN_RANGE_LOOP_ANALYSIS = YES;
				CLANG_WARN_STRICT_PROTOTYPES = YES;
				CLANG_WARN_SUSPICIOUS_MOVE = YES;
				CLANG_WARN_UNGUARDED_AVAILABILITY = YES_AGGRESSIVE;
				CLANG_WARN_UNREACHABLE_CODE = YES;
				CLANG_WARN__DUPLICATE_METHOD_MATCH = YES;
				CODE_SIGN_IDENTITY = "iPhone Developer";
				COPY_PHASE_STRIP = NO;
				DEBUG_INFORMATION_FORMAT = "dwarf-with-dsym";
				ENABLE_NS_ASSERTIONS = NO;
				ENABLE_STRICT_OBJC_MSGSEND = YES;
				GCC_C_LANGUAGE_STANDARD = gnu11;
				GCC_NO_COMMON_BLOCKS = YES;
				GCC_WARN_64_TO_32_BIT_CONVERSION = YES;
				GCC_WARN_ABOUT_RETURN_TYPE = YES_ERROR;
				GCC_WARN_UNDECLARED_SELECTOR = YES;
				GCC_WARN_UNINITIALIZED_AUTOS = YES_AGGRESSIVE;
				GCC_WARN_UNUSED_FUNCTION = YES;
				GCC_WARN_UNUSED_VARIABLE = YES;
				IPHONEOS_DEPLOYMENT_TARGET = 11.0;
				MTL_ENABLE_DEBUG_INFO = NO;
				SDKROOT = iphoneos;
				SWIFT_OPTIMIZATION_LEVEL = "-Owholemodule";
				VALIDATE_PRODUCT = YES;
			};
			name = Release;
		};
		B798E2321F9C37FB002F96B1 /* Debug */ = {
			isa = XCBuildConfiguration;
			buildSettings = {
				ASSETCATALOG_COMPILER_APPICON_NAME = AppIcon;
				CODE_SIGN_STYLE = Automatic;
				DEVELOPMENT_TEAM = H83DTQE69D;
				INFOPLIST_FILE = CompanyList/Info.plist;
				LD_RUNPATH_SEARCH_PATHS = "$(inherited) @executable_path/Frameworks";
				PRODUCT_BUNDLE_IDENTIFIER = "com.doug-harper.CompanyList";
				PRODUCT_NAME = "$(TARGET_NAME)";
				SWIFT_VERSION = 4.0;
				TARGETED_DEVICE_FAMILY = "1,2";
			};
			name = Debug;
		};
		B798E2331F9C37FB002F96B1 /* Release */ = {
			isa = XCBuildConfiguration;
			buildSettings = {
				ASSETCATALOG_COMPILER_APPICON_NAME = AppIcon;
				CODE_SIGN_STYLE = Automatic;
				DEVELOPMENT_TEAM = H83DTQE69D;
				INFOPLIST_FILE = CompanyList/Info.plist;
				LD_RUNPATH_SEARCH_PATHS = "$(inherited) @executable_path/Frameworks";
				PRODUCT_BUNDLE_IDENTIFIER = "com.doug-harper.CompanyList";
				PRODUCT_NAME = "$(TARGET_NAME)";
				SWIFT_VERSION = 4.0;
				TARGETED_DEVICE_FAMILY = "1,2";
			};
			name = Release;
		};
/* End XCBuildConfiguration section */

/* Begin XCConfigurationList section */
		B798E21A1F9C37FB002F96B1 /* Build configuration list for PBXProject "CompanyList" */ = {
			isa = XCConfigurationList;
			buildConfigurations = (
				B798E22F1F9C37FB002F96B1 /* Debug */,
				B798E2301F9C37FB002F96B1 /* Release */,
			);
			defaultConfigurationIsVisible = 0;
			defaultConfigurationName = Release;
		};
		B798E2311F9C37FB002F96B1 /* Build configuration list for PBXNativeTarget "CompanyList" */ = {
			isa = XCConfigurationList;
			buildConfigurations = (
				B798E2321F9C37FB002F96B1 /* Debug */,
				B798E2331F9C37FB002F96B1 /* Release */,
			);
			defaultConfigurationIsVisible = 0;
			defaultConfigurationName = Release;
		};
/* End XCConfigurationList section */

/* Begin XCVersionGroup section */
		B73DBEBC1FA13BE50099AA2B /* CompanyModels.xcdatamodeld */ = {
			isa = XCVersionGroup;
			children = (
				B73DBEBD1FA13BE50099AA2B /* CompanyModels.xcdatamodel */,
			);
			currentVersion = B73DBEBD1FA13BE50099AA2B /* CompanyModels.xcdatamodel */;
			path = CompanyModels.xcdatamodeld;
			sourceTree = "<group>";
			versionGroupType = wrapper.xcdatamodel;
		};
/* End XCVersionGroup section */
	};
	rootObject = B798E2171F9C37FB002F96B1 /* Project object */;
}
